
Microsoft Visual Studio Solution File, Format Version 12.00
# Visual Studio Version 17
VisualStudioVersion = 17.0.31612.314
MinimumVisualStudioVersion = 10.0.40219.1
Project("{9A19103F-16F7-4668-BE54-9A1E7A4F7556}") = "BulkyBookWeb", "BulkyBookWeb\BulkyBookWeb.csproj", "{D9C13C5C-E0A2-4097-959D-D192AD462570}"
EndProject
Project("{FAE04EC0-301F-11D3-BF4B-00C04F79EFBC}") = "BulkyBook.DataAccess", "DataAccess\BulkyBook.DataAccess\BulkyBook.DataAccess.csproj", "{6A21CD08-81C5-4458-BF6C-6367A517F399}"
EndProject
Project("{FAE04EC0-301F-11D3-BF4B-00C04F79EFBC}") = "BulkyBook.Models", "Models\BulkyBook.Models\BulkyBook.Models.csproj", "{800AC1D1-89B3-49A9-B7FD-B4568FBC075E}"
EndProject
Project("{FAE04EC0-301F-11D3-BF4B-00C04F79EFBC}") = "BulkyBook.Utility", "Utility\BulkyBook.Utility\BulkyBook.Utility.csproj", "{F8336384-DCAC-4157-B573-3BB82DEED90D}"
EndProject
Global
	GlobalSection(SolutionConfigurationPlatforms) = preSolution
		Debug|Any CPU = Debug|Any CPU
		Release|Any CPU = Release|Any CPU
	EndGlobalSection
	GlobalSection(ProjectConfigurationPlatforms) = postSolution
		{D9C13C5C-E0A2-4097-959D-D192AD462570}.Debug|Any CPU.ActiveCfg = Debug|Any CPU
		{D9C13C5C-E0A2-4097-959D-D192AD462570}.Debug|Any CPU.Build.0 = Debug|Any CPU
		{D9C13C5C-E0A2-4097-959D-D192AD462570}.Release|Any CPU.ActiveCfg = Release|Any CPU
		{D9C13C5C-E0A2-4097-959D-D192AD462570}.Release|Any CPU.Build.0 = Release|Any CPU
		{6A21CD08-81C5-4458-BF6C-6367A517F399}.Debug|Any CPU.ActiveCfg = Debug|Any CPU
		{6A21CD08-81C5-4458-BF6C-6367A517F399}.Debug|Any CPU.Build.0 = Debug|Any CPU
		{6A21CD08-81C5-4458-BF6C-6367A517F399}.Release|Any CPU.ActiveCfg = Release|Any CPU
		{6A21CD08-81C5-4458-BF6C-6367A517F399}.Release|Any CPU.Build.0 = Release|Any CPU
		{800AC1D1-89B3-49A9-B7FD-B4568FBC075E}.Debug|Any CPU.ActiveCfg = Debug|Any CPU
		{800AC1D1-89B3-49A9-B7FD-B4568FBC075E}.Debug|Any CPU.Build.0 = Debug|Any CPU
		{800AC1D1-89B3-49A9-B7FD-B4568FBC075E}.Release|Any CPU.ActiveCfg = Release|Any CPU
		{800AC1D1-89B3-49A9-B7FD-B4568FBC075E}.Release|Any CPU.Build.0 = Release|Any CPU
		{F8336384-DCAC-4157-B573-3BB82DEED90D}.Debug|Any CPU.ActiveCfg = Debug|Any CPU
		{F8336384-DCAC-4157-B573-3BB82DEED90D}.Debug|Any CPU.Build.0 = Debug|Any CPU
		{F8336384-DCAC-4157-B573-3BB82DEED90D}.Release|Any CPU.ActiveCfg = Release|Any CPU
		{F8336384-DCAC-4157-B573-3BB82DEED90D}.Release|Any CPU.Build.0 = Release|Any CPU
	EndGlobalSection
	GlobalSection(SolutionProperties) = preSolution
		HideSolutionNode = FALSE
	EndGlobalSection
	GlobalSection(ExtensibilityGlobals) = postSolution
		SolutionGuid = {67149A86-5A92-48E2-BC9F-5430C784F35F}
	EndGlobalSection
EndGlobal
